
Microsoft Visual Studio Solution File, Format Version 12.00
# Visual Studio Version 17
VisualStudioVersion = 17.1.32421.90
MinimumVisualStudioVersion = 10.0.40219.1
Project("{FAE04EC0-301F-11D3-BF4B-00C04F79EFBC}") = "Usuarios", "Usuarios.csproj", "{BBD4A3C5-3738-41A3-83BA-F92A521527F4}"
EndProject
Global
	GlobalSection(SolutionConfigurationPlatforms) = preSolution
		Debug|Any CPU = Debug|Any CPU
		Release|Any CPU = Release|Any CPU
	EndGlobalSection
	GlobalSection(ProjectConfigurationPlatforms) = postSolution
		{BBD4A3C5-3738-41A3-83BA-F92A521527F4}.Debug|Any CPU.ActiveCfg = Debug|Any CPU
		{BBD4A3C5-3738-41A3-83BA-F92A521527F4}.Debug|Any CPU.Build.0 = Debug|Any CPU
		{BBD4A3C5-3738-41A3-83BA-F92A521527F4}.Release|Any CPU.ActiveCfg = Release|Any CPU
		{BBD4A3C5-3738-41A3-83BA-F92A521527F4}.Release|Any CPU.Build.0 = Release|Any CPU
	EndGlobalSection
	GlobalSection(SolutionProperties) = preSolution
		HideSolutionNode = FALSE
	EndGlobalSection
	GlobalSection(ExtensibilityGlobals) = postSolution
		SolutionGuid = {39DE3635-E6C9-4898-9921-283FD2F7B5D9}
	EndGlobalSection
EndGlobal
